
Microsoft Visual Studio Solution File, Format Version 12.00
# Visual Studio 15
VisualStudioVersion = 15.0.27703.2042
MinimumVisualStudioVersion = 10.0.40219.1
Project("{E24C65DC-7377-472B-9ABA-BC803B73C61A}") = "DVDSwap", ".", "{64593CCA-8725-42BD-B406-3F4494C4E8FA}"
	ProjectSection(WebsiteProperties) = preProject
		TargetFrameworkMoniker = ".NETFramework,Version%3Dv4.0"
		Debug.AspNetCompiler.VirtualPath = "/localhost_49597"
		Debug.AspNetCompiler.PhysicalPath = "..\DVDSwap\"
		Debug.AspNetCompiler.TargetPath = "PrecompiledWeb\localhost_49597\"
		Debug.AspNetCompiler.Updateable = "true"
		Debug.AspNetCompiler.ForceOverwrite = "true"
		Debug.AspNetCompiler.FixedNames = "false"
		Debug.AspNetCompiler.Debug = "True"
		Release.AspNetCompiler.VirtualPath = "/localhost_49597"
		Release.AspNetCompiler.PhysicalPath = "..\DVDSwap\"
		Release.AspNetCompiler.TargetPath = "PrecompiledWeb\localhost_49597\"
		Release.AspNetCompiler.Updateable = "true"
		Release.AspNetCompiler.ForceOverwrite = "true"
		Release.AspNetCompiler.FixedNames = "false"
		Release.AspNetCompiler.Debug = "False"
		VWDPort = "49597"
		SlnRelativePath = "..\DVDSwap\"
	EndProjectSection
EndProject
Project("{E24C65DC-7377-472B-9ABA-BC803B73C61A}") = "MyEvilServer(2)", "..\My evil Server\MyEvilServer\", "{C45D9CE8-D519-4A7F-8C87-EC5754278C51}"
	ProjectSection(WebsiteProperties) = preProject
		TargetFrameworkMoniker = ".NETFramework,Version%3Dv4.6.1"
		Debug.AspNetCompiler.VirtualPath = "/localhost_2733"
		Debug.AspNetCompiler.PhysicalPath = "..\My evil Server\MyEvilServer\"
		Debug.AspNetCompiler.TargetPath = "PrecompiledWeb\localhost_2733\"
		Debug.AspNetCompiler.Updateable = "true"
		Debug.AspNetCompiler.ForceOverwrite = "true"
		Debug.AspNetCompiler.FixedNames = "false"
		Debug.AspNetCompiler.Debug = "True"
		Release.AspNetCompiler.VirtualPath = "/localhost_2733"
		Release.AspNetCompiler.PhysicalPath = "..\My evil Server\MyEvilServer\"
		Release.AspNetCompiler.TargetPath = "PrecompiledWeb\localhost_2733\"
		Release.AspNetCompiler.Updateable = "true"
		Release.AspNetCompiler.ForceOverwrite = "true"
		Release.AspNetCompiler.FixedNames = "false"
		Release.AspNetCompiler.Debug = "False"
		VWDPort = "2733"
		SlnRelativePath = "..\My evil Server\MyEvilServer\"
		DefaultWebSiteLanguage = "Visual C#"
	EndProjectSection
EndProject
Global
	GlobalSection(SolutionConfigurationPlatforms) = preSolution
		Debug|Any CPU = Debug|Any CPU
		Release|Any CPU = Release|Any CPU
	EndGlobalSection
	GlobalSection(ProjectConfigurationPlatforms) = postSolution
		{64593CCA-8725-42BD-B406-3F4494C4E8FA}.Debug|Any CPU.ActiveCfg = Debug|Any CPU
		{64593CCA-8725-42BD-B406-3F4494C4E8FA}.Debug|Any CPU.Build.0 = Debug|Any CPU
		{64593CCA-8725-42BD-B406-3F4494C4E8FA}.Release|Any CPU.ActiveCfg = Debug|Any CPU
		{64593CCA-8725-42BD-B406-3F4494C4E8FA}.Release|Any CPU.Build.0 = Debug|Any CPU
		{C45D9CE8-D519-4A7F-8C87-EC5754278C51}.Debug|Any CPU.ActiveCfg = Debug|Any CPU
		{C45D9CE8-D519-4A7F-8C87-EC5754278C51}.Debug|Any CPU.Build.0 = Debug|Any CPU
		{C45D9CE8-D519-4A7F-8C87-EC5754278C51}.Release|Any CPU.ActiveCfg = Debug|Any CPU
		{C45D9CE8-D519-4A7F-8C87-EC5754278C51}.Release|Any CPU.Build.0 = Debug|Any CPU
	EndGlobalSection
	GlobalSection(SolutionProperties) = preSolution
		HideSolutionNode = FALSE
	EndGlobalSection
	GlobalSection(ExtensibilityGlobals) = postSolution
		SolutionGuid = {CBA8CFF1-BF0F-4787-8727-E8441B38EA78}
	EndGlobalSection
EndGlobal
